
Microsoft Visual Studio Solution File, Format Version 12.00
# Visual Studio Version 17
VisualStudioVersion = 17.9.34728.123
MinimumVisualStudioVersion = 10.0.40219.1
Project("{FAE04EC0-301F-11D3-BF4B-00C04F79EFBC}") = "DocuWPF", "DocuWPF\DocuWPF.csproj", "{F75976EB-E31F-47F9-8C29-E6AEBE3EE637}"
EndProject
Global
	GlobalSection(SolutionConfigurationPlatforms) = preSolution
		Debug|Any CPU = Debug|Any CPU
		Release|Any CPU = Release|Any CPU
	EndGlobalSection
	GlobalSection(ProjectConfigurationPlatforms) = postSolution
		{F75976EB-E31F-47F9-8C29-E6AEBE3EE637}.Debug|Any CPU.ActiveCfg = Debug|Any CPU
		{F75976EB-E31F-47F9-8C29-E6AEBE3EE637}.Debug|Any CPU.Build.0 = Debug|Any CPU
		{F75976EB-E31F-47F9-8C29-E6AEBE3EE637}.Release|Any CPU.ActiveCfg = Release|Any CPU
		{F75976EB-E31F-47F9-8C29-E6AEBE3EE637}.Release|Any CPU.Build.0 = Release|Any CPU
	EndGlobalSection
	GlobalSection(SolutionProperties) = preSolution
		HideSolutionNode = FALSE
	EndGlobalSection
	GlobalSection(ExtensibilityGlobals) = postSolution
		SolutionGuid = {C0B95A04-EBE5-4E49-916E-6D1207AA21BB}
	EndGlobalSection
EndGlobal
